// !$*UTF8*$!
{
	archiveVersion = 1;
	classes = {
	};
	objectVersion = 51;
	objects = {

/* Begin PBXBuildFile section */
		A3B412E5A79D98D35CD66970 /* Pods_EpiTracker.framework in Frameworks */ = {isa = PBXBuildFile; fileRef = 0879B7196FD44F214702870A /* Pods_EpiTracker.framework */; };
		AC02845F2477408500450499 /* AppDelegate.swift in Sources */ = {isa = PBXBuildFile; fileRef = AC02845E2477408500450499 /* AppDelegate.swift */; };
		AC0284612477408500450499 /* SceneDelegate.swift in Sources */ = {isa = PBXBuildFile; fileRef = AC0284602477408500450499 /* SceneDelegate.swift */; };
		AC0284632477408500450499 /* ViewController.swift in Sources */ = {isa = PBXBuildFile; fileRef = AC0284622477408500450499 /* ViewController.swift */; };
		AC0284662477408500450499 /* Main.storyboard in Resources */ = {isa = PBXBuildFile; fileRef = AC0284642477408500450499 /* Main.storyboard */; };
		AC0284682477408600450499 /* Assets.xcassets in Resources */ = {isa = PBXBuildFile; fileRef = AC0284672477408600450499 /* Assets.xcassets */; };
		AC02846B2477408600450499 /* LaunchScreen.storyboard in Resources */ = {isa = PBXBuildFile; fileRef = AC0284692477408600450499 /* LaunchScreen.storyboard */; };
		AC028480247746C300450499 /* data.plist in Resources */ = {isa = PBXBuildFile; fileRef = AC02847F247746C300450499 /* data.plist */; };
		AC1A17B8247D7BF2005B59EA /* Commons.swift in Sources */ = {isa = PBXBuildFile; fileRef = AC1A17B7247D7BF2005B59EA /* Commons.swift */; };
		AC4809352479CFCD00211B75 /* CustomPicker.swift in Sources */ = {isa = PBXBuildFile; fileRef = AC4809342479CFCD00211B75 /* CustomPicker.swift */; };
		ACD91F4E247B4D9200C15A26 /* Covid19VC.swift in Sources */ = {isa = PBXBuildFile; fileRef = ACD91F4D247B4D9200C15A26 /* Covid19VC.swift */; };
		ACD91F53247B4F4100C15A26 /* Covid19DetectionVC.swift in Sources */ = {isa = PBXBuildFile; fileRef = ACD91F52247B4F4100C15A26 /* Covid19DetectionVC.swift */; };
		ACD91F55247B4F4E00C15A26 /* Covid19NewsVC.swift in Sources */ = {isa = PBXBuildFile; fileRef = ACD91F54247B4F4E00C15A26 /* Covid19NewsVC.swift */; };
		ACD91F57247B4FA600C15A26 /* DeepBrain.mlmodel in Sources */ = {isa = PBXBuildFile; fileRef = ACD91F56247B4FA600C15A26 /* DeepBrain.mlmodel */; };
		ACD91F5E247B536800C15A26 /* Endpoints.swift in Sources */ = {isa = PBXBuildFile; fileRef = ACD91F5A247B536800C15A26 /* Endpoints.swift */; };
		ACD91F5F247B536800C15A26 /* RemoteDataManager.swift in Sources */ = {isa = PBXBuildFile; fileRef = ACD91F5B247B536800C15A26 /* RemoteDataManager.swift */; };
		ACD91F60247B536800C15A26 /* CountryModel.swift in Sources */ = {isa = PBXBuildFile; fileRef = ACD91F5D247B536800C15A26 /* CountryModel.swift */; };
		ACD91F6E247B537300C15A26 /* CountryListWireframe.swift in Sources */ = {isa = PBXBuildFile; fileRef = ACD91F62247B537300C15A26 /* CountryListWireframe.swift */; };
		ACD91F6F247B537300C15A26 /* CountryListProtocol.swift in Sources */ = {isa = PBXBuildFile; fileRef = ACD91F63247B537300C15A26 /* CountryListProtocol.swift */; };
		ACD91F70247B537300C15A26 /* CountryListCell.swift in Sources */ = {isa = PBXBuildFile; fileRef = ACD91F65247B537300C15A26 /* CountryListCell.swift */; };
		ACD91F71247B537300C15A26 /* CountryListPresenter.swift in Sources */ = {isa = PBXBuildFile; fileRef = ACD91F66247B537300C15A26 /* CountryListPresenter.swift */; };
		ACD91F72247B537300C15A26 /* CountryListView.swift in Sources */ = {isa = PBXBuildFile; fileRef = ACD91F67247B537300C15A26 /* CountryListView.swift */; };
		ACD91F73247B537300C15A26 /* CountryListInteractor.swift in Sources */ = {isa = PBXBuildFile; fileRef = ACD91F68247B537300C15A26 /* CountryListInteractor.swift */; };
		ACD91F74247B537300C15A26 /* CountryDetailPresenter.swift in Sources */ = {isa = PBXBuildFile; fileRef = ACD91F6A247B537300C15A26 /* CountryDetailPresenter.swift */; };
		ACD91F75247B537300C15A26 /* CountryDetailView.swift in Sources */ = {isa = PBXBuildFile; fileRef = ACD91F6B247B537300C15A26 /* CountryDetailView.swift */; };
		ACD91F76247B537300C15A26 /* CountryDetailWireframe.swift in Sources */ = {isa = PBXBuildFile; fileRef = ACD91F6C247B537300C15A26 /* CountryDetailWireframe.swift */; };
		ACD91F77247B537300C15A26 /* CountryDetailProtocol.swift in Sources */ = {isa = PBXBuildFile; fileRef = ACD91F6D247B537300C15A26 /* CountryDetailProtocol.swift */; };
		ACD91F7B247B565200C15A26 /* ImageDownloader.swift in Sources */ = {isa = PBXBuildFile; fileRef = ACD91F7A247B565200C15A26 /* ImageDownloader.swift */; };
		ACD91F80247B566100C15A26 /* NewsCell.swift in Sources */ = {isa = PBXBuildFile; fileRef = ACD91F7C247B566000C15A26 /* NewsCell.swift */; };
		ACD91F81247B566100C15A26 /* FlipboardCell.swift in Sources */ = {isa = PBXBuildFile; fileRef = ACD91F7D247B566000C15A26 /* FlipboardCell.swift */; };
		ACD91F82247B566100C15A26 /* NewsProfileCell.swift in Sources */ = {isa = PBXBuildFile; fileRef = ACD91F7E247B566000C15A26 /* NewsProfileCell.swift */; };
		ACD91F83247B566100C15A26 /* NewsModel.swift in Sources */ = {isa = PBXBuildFile; fileRef = ACD91F7F247B566100C15A26 /* NewsModel.swift */; };
		ACD91F87247B56EF00C15A26 /* Extensions.swift in Sources */ = {isa = PBXBuildFile; fileRef = ACD91F86247B56EF00C15A26 /* Extensions.swift */; };
/* End PBXBuildFile section */

/* Begin PBXFileReference section */
		0879B7196FD44F214702870A /* Pods_EpiTracker.framework */ = {isa = PBXFileReference; explicitFileType = wrapper.framework; includeInIndex = 0; path = Pods_EpiTracker.framework; sourceTree = BUILT_PRODUCTS_DIR; };
		15962284A933A234DFE1A4A5 /* Pods-EpiTracker.debug.xcconfig */ = {isa = PBXFileReference; includeInIndex = 1; lastKnownFileType = text.xcconfig; name = "Pods-EpiTracker.debug.xcconfig"; path = "Target Support Files/Pods-EpiTracker/Pods-EpiTracker.debug.xcconfig"; sourceTree = "<group>"; };
		AC02845B2477408500450499 /* EpiTracker.app */ = {isa = PBXFileReference; explicitFileType = wrapper.application; includeInIndex = 0; path = EpiTracker.app; sourceTree = BUILT_PRODUCTS_DIR; };
		AC02845E2477408500450499 /* AppDelegate.swift */ = {isa = PBXFileReference; lastKnownFileType = sourcecode.swift; path = AppDelegate.swift; sourceTree = "<group>"; };
		AC0284602477408500450499 /* SceneDelegate.swift */ = {isa = PBXFileReference; lastKnownFileType = sourcecode.swift; path = SceneDelegate.swift; sourceTree = "<group>"; };
		AC0284622477408500450499 /* ViewController.swift */ = {isa = PBXFileReference; lastKnownFileType = sourcecode.swift; path = ViewController.swift; sourceTree = "<group>"; };
		AC0284652477408500450499 /* Base */ = {isa = PBXFileReference; lastKnownFileType = file.storyboard; name = Base; path = Base.lproj/Main.storyboard; sourceTree = "<group>"; };
		AC0284672477408600450499 /* Assets.xcassets */ = {isa = PBXFileReference; lastKnownFileType = folder.assetcatalog; path = Assets.xcassets; sourceTree = "<group>"; };
		AC02846A2477408600450499 /* Base */ = {isa = PBXFileReference; lastKnownFileType = file.storyboard; name = Base; path = Base.lproj/LaunchScreen.storyboard; sourceTree = "<group>"; };
		AC02846C2477408600450499 /* Info.plist */ = {isa = PBXFileReference; lastKnownFileType = text.plist.xml; path = Info.plist; sourceTree = "<group>"; };
		AC02847F247746C300450499 /* data.plist */ = {isa = PBXFileReference; fileEncoding = 4; lastKnownFileType = text.plist.xml; path = data.plist; sourceTree = "<group>"; };
		AC1A17B7247D7BF2005B59EA /* Commons.swift */ = {isa = PBXFileReference; lastKnownFileType = sourcecode.swift; path = Commons.swift; sourceTree = "<group>"; };
		AC4809342479CFCD00211B75 /* CustomPicker.swift */ = {isa = PBXFileReference; lastKnownFileType = sourcecode.swift; path = CustomPicker.swift; sourceTree = "<group>"; };
		ACD91F4D247B4D9200C15A26 /* Covid19VC.swift */ = {isa = PBXFileReference; lastKnownFileType = sourcecode.swift; path = Covid19VC.swift; sourceTree = "<group>"; };
		ACD91F52247B4F4100C15A26 /* Covid19DetectionVC.swift */ = {isa = PBXFileReference; lastKnownFileType = sourcecode.swift; path = Covid19DetectionVC.swift; sourceTree = "<group>"; };
		ACD91F54247B4F4E00C15A26 /* Covid19NewsVC.swift */ = {isa = PBXFileReference; lastKnownFileType = sourcecode.swift; path = Covid19NewsVC.swift; sourceTree = "<group>"; };
		ACD91F56247B4FA600C15A26 /* DeepBrain.mlmodel */ = {isa = PBXFileReference; lastKnownFileType = file.mlmodel; path = DeepBrain.mlmodel; sourceTree = "<group>"; };
		ACD91F5A247B536800C15A26 /* Endpoints.swift */ = {isa = PBXFileReference; fileEncoding = 4; lastKnownFileType = sourcecode.swift; path = Endpoints.swift; sourceTree = "<group>"; };
		ACD91F5B247B536800C15A26 /* RemoteDataManager.swift */ = {isa = PBXFileReference; fileEncoding = 4; lastKnownFileType = sourcecode.swift; path = RemoteDataManager.swift; sourceTree = "<group>"; };
		ACD91F5D247B536800C15A26 /* CountryModel.swift */ = {isa = PBXFileReference; fileEncoding = 4; lastKnownFileType = sourcecode.swift; path = CountryModel.swift; sourceTree = "<group>"; };
		ACD91F62247B537300C15A26 /* CountryListWireframe.swift */ = {isa = PBXFileReference; fileEncoding = 4; lastKnownFileType = sourcecode.swift; path = CountryListWireframe.swift; sourceTree = "<group>"; };
		ACD91F63247B537300C15A26 /* CountryListProtocol.swift */ = {isa = PBXFileReference; fileEncoding = 4; lastKnownFileType = sourcecode.swift; path = CountryListProtocol.swift; sourceTree = "<group>"; };
		ACD91F65247B537300C15A26 /* CountryListCell.swift */ = {isa = PBXFileReference; fileEncoding = 4; lastKnownFileType = sourcecode.swift; path = CountryListCell.swift; sourceTree = "<group>"; };
		ACD91F66247B537300C15A26 /* CountryListPresenter.swift */ = {isa = PBXFileReference; fileEncoding = 4; lastKnownFileType = sourcecode.swift; path = CountryListPresenter.swift; sourceTree = "<group>"; };
		ACD91F67247B537300C15A26 /* CountryListView.swift */ = {isa = PBXFileReference; fileEncoding = 4; lastKnownFileType = sourcecode.swift; path = CountryListView.swift; sourceTree = "<group>"; };
		ACD91F68247B537300C15A26 /* CountryListInteractor.swift */ = {isa = PBXFileReference; fileEncoding = 4; lastKnownFileType = sourcecode.swift; path = CountryListInteractor.swift; sourceTree = "<group>"; };
		ACD91F6A247B537300C15A26 /* CountryDetailPresenter.swift */ = {isa = PBXFileReference; fileEncoding = 4; lastKnownFileType = sourcecode.swift; path = CountryDetailPresenter.swift; sourceTree = "<group>"; };
		ACD91F6B247B537300C15A26 /* CountryDetailView.swift */ = {isa = PBXFileReference; fileEncoding = 4; lastKnownFileType = sourcecode.swift; path = CountryDetailView.swift; sourceTree = "<group>"; };
		ACD91F6C247B537300C15A26 /* CountryDetailWireframe.swift */ = {isa = PBXFileReference; fileEncoding = 4; lastKnownFileType = sourcecode.swift; path = CountryDetailWireframe.swift; sourceTree = "<group>"; };
		ACD91F6D247B537300C15A26 /* CountryDetailProtocol.swift */ = {isa = PBXFileReference; fileEncoding = 4; lastKnownFileType = sourcecode.swift; path = CountryDetailProtocol.swift; sourceTree = "<group>"; };
		ACD91F7A247B565200C15A26 /* ImageDownloader.swift */ = {isa = PBXFileReference; fileEncoding = 4; lastKnownFileType = sourcecode.swift; path = ImageDownloader.swift; sourceTree = "<group>"; };
		ACD91F7C247B566000C15A26 /* NewsCell.swift */ = {isa = PBXFileReference; fileEncoding = 4; lastKnownFileType = sourcecode.swift; path = NewsCell.swift; sourceTree = "<group>"; };
		ACD91F7D247B566000C15A26 /* FlipboardCell.swift */ = {isa = PBXFileReference; fileEncoding = 4; lastKnownFileType = sourcecode.swift; path = FlipboardCell.swift; sourceTree = "<group>"; };
		ACD91F7E247B566000C15A26 /* NewsProfileCell.swift */ = {isa = PBXFileReference; fileEncoding = 4; lastKnownFileType = sourcecode.swift; path = NewsProfileCell.swift; sourceTree = "<group>"; };
		ACD91F7F247B566100C15A26 /* NewsModel.swift */ = {isa = PBXFileReference; fileEncoding = 4; lastKnownFileType = sourcecode.swift; path = NewsModel.swift; sourceTree = "<group>"; };
		ACD91F86247B56EF00C15A26 /* Extensions.swift */ = {isa = PBXFileReference; fileEncoding = 4; lastKnownFileType = sourcecode.swift; path = Extensions.swift; sourceTree = "<group>"; };
		FC9B939EB1DE57A9E4BA15D7 /* Pods-EpiTracker.release.xcconfig */ = {isa = PBXFileReference; includeInIndex = 1; lastKnownFileType = text.xcconfig; name = "Pods-EpiTracker.release.xcconfig"; path = "Target Support Files/Pods-EpiTracker/Pods-EpiTracker.release.xcconfig"; sourceTree = "<group>"; };
/* End PBXFileReference section */

/* Begin PBXFrameworksBuildPhase section */
		AC0284582477408500450499 /* Frameworks */ = {
			isa = PBXFrameworksBuildPhase;
			buildActionMask = 2147483647;
			files = (
				A3B412E5A79D98D35CD66970 /* Pods_EpiTracker.framework in Frameworks */,
			);
			runOnlyForDeploymentPostprocessing = 0;
		};
/* End PBXFrameworksBuildPhase section */

/* Begin PBXGroup section */
		57E51E06826C36CA9EE93913 /* Pods */ = {
			isa = PBXGroup;
			children = (
				15962284A933A234DFE1A4A5 /* Pods-EpiTracker.debug.xcconfig */,
				FC9B939EB1DE57A9E4BA15D7 /* Pods-EpiTracker.release.xcconfig */,
			);
			path = Pods;
			sourceTree = "<group>";
		};
		AC0284522477408500450499 = {
			isa = PBXGroup;
			children = (
				AC02845D2477408500450499 /* EpiTracker */,
				AC02845C2477408500450499 /* Products */,
				57E51E06826C36CA9EE93913 /* Pods */,
				EEBE86D5B9395B7FE07E255B /* Frameworks */,
			);
			sourceTree = "<group>";
		};
		AC02845C2477408500450499 /* Products */ = {
			isa = PBXGroup;
			children = (
				AC02845B2477408500450499 /* EpiTracker.app */,
			);
			name = Products;
			sourceTree = "<group>";
		};
		AC02845D2477408500450499 /* EpiTracker */ = {
			isa = PBXGroup;
			children = (
				AC02845E2477408500450499 /* AppDelegate.swift */,
				AC0284602477408500450499 /* SceneDelegate.swift */,
				AC1A17B7247D7BF2005B59EA /* Commons.swift */,
				AC0284622477408500450499 /* ViewController.swift */,
				AC4809342479CFCD00211B75 /* CustomPicker.swift */,
				ACD91F4F247B4F1800C15A26 /* COVID-19 */,
				ACD91F86247B56EF00C15A26 /* Extensions.swift */,
				AC0284642477408500450499 /* Main.storyboard */,
				AC0284672477408600450499 /* Assets.xcassets */,
				AC0284692477408600450499 /* LaunchScreen.storyboard */,
				AC02847F247746C300450499 /* data.plist */,
				AC02846C2477408600450499 /* Info.plist */,
			);
			path = EpiTracker;
			sourceTree = "<group>";
		};
		ACD91F4F247B4F1800C15A26 /* COVID-19 */ = {
			isa = PBXGroup;
			children = (
				ACD91F4D247B4D9200C15A26 /* Covid19VC.swift */,
				ACD91F79247B55A900C15A26 /* Detection */,
				ACD91F78247B55A300C15A26 /* News */,
				ACD91F58247B534400C15A26 /* Cases */,
			);
			path = "COVID-19";
			sourceTree = "<group>";
		};
		ACD91F58247B534400C15A26 /* Cases */ = {
			isa = PBXGroup;
			children = (
				ACD91F5A247B536800C15A26 /* Endpoints.swift */,
				ACD91F5B247B536800C15A26 /* RemoteDataManager.swift */,
				ACD91F5D247B536800C15A26 /* CountryModel.swift */,
				ACD91F69247B537300C15A26 /* CountryDetail */,
				ACD91F61247B537300C15A26 /* CountryList */,
			);
			path = Cases;
			sourceTree = "<group>";
		};
		ACD91F61247B537300C15A26 /* CountryList */ = {
			isa = PBXGroup;
			children = (
				ACD91F64247B537300C15A26 /* Cell */,
				ACD91F62247B537300C15A26 /* CountryListWireframe.swift */,
				ACD91F63247B537300C15A26 /* CountryListProtocol.swift */,
				ACD91F66247B537300C15A26 /* CountryListPresenter.swift */,
				ACD91F67247B537300C15A26 /* CountryListView.swift */,
				ACD91F68247B537300C15A26 /* CountryListInteractor.swift */,
			);
			path = CountryList;
			sourceTree = "<group>";
		};
		ACD91F64247B537300C15A26 /* Cell */ = {
			isa = PBXGroup;
			children = (
				ACD91F65247B537300C15A26 /* CountryListCell.swift */,
			);
			path = Cell;
			sourceTree = "<group>";
		};
		ACD91F69247B537300C15A26 /* CountryDetail */ = {
			isa = PBXGroup;
			children = (
				ACD91F6A247B537300C15A26 /* CountryDetailPresenter.swift */,
				ACD91F6B247B537300C15A26 /* CountryDetailView.swift */,
				ACD91F6C247B537300C15A26 /* CountryDetailWireframe.swift */,
				ACD91F6D247B537300C15A26 /* CountryDetailProtocol.swift */,
			);
			path = CountryDetail;
			sourceTree = "<group>";
		};
		ACD91F78247B55A300C15A26 /* News */ = {
			isa = PBXGroup;
			children = (
				ACD91F54247B4F4E00C15A26 /* Covid19NewsVC.swift */,
				ACD91F7A247B565200C15A26 /* ImageDownloader.swift */,
				ACD91F7D247B566000C15A26 /* FlipboardCell.swift */,
				ACD91F7C247B566000C15A26 /* NewsCell.swift */,
				ACD91F7F247B566100C15A26 /* NewsModel.swift */,
				ACD91F7E247B566000C15A26 /* NewsProfileCell.swift */,
			);
			path = News;
			sourceTree = "<group>";
		};
		ACD91F79247B55A900C15A26 /* Detection */ = {
			isa = PBXGroup;
			children = (
				ACD91F56247B4FA600C15A26 /* DeepBrain.mlmodel */,
				ACD91F52247B4F4100C15A26 /* Covid19DetectionVC.swift */,
			);
			path = Detection;
			sourceTree = "<group>";
		};
		EEBE86D5B9395B7FE07E255B /* Frameworks */ = {
			isa = PBXGroup;
			children = (
				0879B7196FD44F214702870A /* Pods_EpiTracker.framework */,
			);
			name = Frameworks;
			sourceTree = "<group>";
		};
/* End PBXGroup section */

/* Begin PBXNativeTarget section */
		AC02845A2477408500450499 /* EpiTracker */ = {
			isa = PBXNativeTarget;
			buildConfigurationList = AC02846F2477408600450499 /* Build configuration list for PBXNativeTarget "EpiTracker" */;
			buildPhases = (
				28541885100609925AF566FC /* [CP] Check Pods Manifest.lock */,
				AC0284572477408500450499 /* Sources */,
				AC0284582477408500450499 /* Frameworks */,
				AC0284592477408500450499 /* Resources */,
				E67916C065C4661212424F98 /* [CP] Embed Pods Frameworks */,
			);
			buildRules = (
			);
			dependencies = (
			);
			name = EpiTracker;
			productName = EpiTracker;
			productReference = AC02845B2477408500450499 /* EpiTracker.app */;
			productType = "com.apple.product-type.application";
		};
/* End PBXNativeTarget section */

/* Begin PBXProject section */
		AC0284532477408500450499 /* Project object */ = {
			isa = PBXProject;
			attributes = {
				LastSwiftUpdateCheck = 1130;
				LastUpgradeCheck = 1130;
				ORGANIZATIONNAME = Artem;
				TargetAttributes = {
					AC02845A2477408500450499 = {
						CreatedOnToolsVersion = 11.3.1;
					};
				};
			};
			buildConfigurationList = AC0284562477408500450499 /* Build configuration list for PBXProject "EpiTracker" */;
			compatibilityVersion = "Xcode 9.3";
			developmentRegion = en;
			hasScannedForEncodings = 0;
			knownRegions = (
				en,
				Base,
			);
			mainGroup = AC0284522477408500450499;
			productRefGroup = AC02845C2477408500450499 /* Products */;
			projectDirPath = "";
			projectRoot = "";
			targets = (
				AC02845A2477408500450499 /* EpiTracker */,
			);
		};
/* End PBXProject section */

/* Begin PBXResourcesBuildPhase section */
		AC0284592477408500450499 /* Resources */ = {
			isa = PBXResourcesBuildPhase;
			buildActionMask = 2147483647;
			files = (
				AC028480247746C300450499 /* data.plist in Resources */,
				AC02846B2477408600450499 /* LaunchScreen.storyboard in Resources */,
				AC0284682477408600450499 /* Assets.xcassets in Resources */,
				AC0284662477408500450499 /* Main.storyboard in Resources */,
			);
			runOnlyForDeploymentPostprocessing = 0;
		};
/* End PBXResourcesBuildPhase section */

/* Begin PBXShellScriptBuildPhase section */
		28541885100609925AF566FC /* [CP] Check Pods Manifest.lock */ = {
			isa = PBXShellScriptBuildPhase;
			buildActionMask = 2147483647;
			files = (
			);
			inputFileListPaths = (
			);
			inputPaths = (
				"${PODS_PODFILE_DIR_PATH}/Podfile.lock",
				"${PODS_ROOT}/Manifest.lock",
			);
			name = "[CP] Check Pods Manifest.lock";
			outputFileListPaths = (
			);
			outputPaths = (
				"$(DERIVED_FILE_DIR)/Pods-EpiTracker-checkManifestLockResult.txt",
			);
			runOnlyForDeploymentPostprocessing = 0;
			shellPath = /bin/sh;
			shellScript = "diff \"${PODS_PODFILE_DIR_PATH}/Podfile.lock\" \"${PODS_ROOT}/Manifest.lock\" > /dev/null\nif [ $? != 0 ] ; then\n    # print error to STDERR\n    echo \"error: The sandbox is not in sync with the Podfile.lock. Run 'pod install' or update your CocoaPods installation.\" >&2\n    exit 1\nfi\n# This output is used by Xcode 'outputs' to avoid re-running this script phase.\necho \"SUCCESS\" > \"${SCRIPT_OUTPUT_FILE_0}\"\n";
			showEnvVarsInLog = 0;
		};
		E67916C065C4661212424F98 /* [CP] Embed Pods Frameworks */ = {
			isa = PBXShellScriptBuildPhase;
			buildActionMask = 2147483647;
			files = (
			);
			inputFileListPaths = (
				"${PODS_ROOT}/Target Support Files/Pods-EpiTracker/Pods-EpiTracker-frameworks-${CONFIGURATION}-input-files.xcfilelist",
			);
			name = "[CP] Embed Pods Frameworks";
			outputFileListPaths = (
				"${PODS_ROOT}/Target Support Files/Pods-EpiTracker/Pods-EpiTracker-frameworks-${CONFIGURATION}-output-files.xcfilelist",
			);
			runOnlyForDeploymentPostprocessing = 0;
			shellPath = /bin/sh;
			shellScript = "\"${PODS_ROOT}/Target Support Files/Pods-EpiTracker/Pods-EpiTracker-frameworks.sh\"\n";
			showEnvVarsInLog = 0;
		};
/* End PBXShellScriptBuildPhase section */

/* Begin PBXSourcesBuildPhase section */
		AC0284572477408500450499 /* Sources */ = {
			isa = PBXSourcesBuildPhase;
			buildActionMask = 2147483647;
			files = (
				AC1A17B8247D7BF2005B59EA /* Commons.swift in Sources */,
				ACD91F73247B537300C15A26 /* CountryListInteractor.swift in Sources */,
				ACD91F57247B4FA600C15A26 /* DeepBrain.mlmodel in Sources */,
				ACD91F83247B566100C15A26 /* NewsModel.swift in Sources */,
				ACD91F7B247B565200C15A26 /* ImageDownloader.swift in Sources */,
				ACD91F6F247B537300C15A26 /* CountryListProtocol.swift in Sources */,
				ACD91F75247B537300C15A26 /* CountryDetailView.swift in Sources */,
				ACD91F60247B536800C15A26 /* CountryModel.swift in Sources */,
				AC0284632477408500450499 /* ViewController.swift in Sources */,
				ACD91F76247B537300C15A26 /* CountryDetailWireframe.swift in Sources */,
				AC02845F2477408500450499 /* AppDelegate.swift in Sources */,
				ACD91F82247B566100C15A26 /* NewsProfileCell.swift in Sources */,
				ACD91F5E247B536800C15A26 /* Endpoints.swift in Sources */,
				ACD91F55247B4F4E00C15A26 /* Covid19NewsVC.swift in Sources */,
				ACD91F5F247B536800C15A26 /* RemoteDataManager.swift in Sources */,
				ACD91F81247B566100C15A26 /* FlipboardCell.swift in Sources */,
				AC4809352479CFCD00211B75 /* CustomPicker.swift in Sources */,
				ACD91F4E247B4D9200C15A26 /* Covid19VC.swift in Sources */,
				ACD91F74247B537300C15A26 /* CountryDetailPresenter.swift in Sources */,
				ACD91F77247B537300C15A26 /* CountryDetailProtocol.swift in Sources */,
				ACD91F70247B537300C15A26 /* CountryListCell.swift in Sources */,
				ACD91F53247B4F4100C15A26 /* Covid19DetectionVC.swift in Sources */,
				ACD91F72247B537300C15A26 /* CountryListView.swift in Sources */,
				ACD91F71247B537300C15A26 /* CountryListPresenter.swift in Sources */,
				AC0284612477408500450499 /* SceneDelegate.swift in Sources */,
				ACD91F80247B566100C15A26 /* NewsCell.swift in Sources */,
				ACD91F87247B56EF00C15A26 /* Extensions.swift in Sources */,
				ACD91F6E247B537300C15A26 /* CountryListWireframe.swift in Sources */,
			);
			runOnlyForDeploymentPostprocessing = 0;
		};
/* End PBXSourcesBuildPhase section */

/* Begin PBXVariantGroup section */
		AC0284642477408500450499 /* Main.storyboard */ = {
			isa = PBXVariantGroup;
			children = (
				AC0284652477408500450499 /* Base */,
			);
			name = Main.storyboard;
			sourceTree = "<group>";
		};
		AC0284692477408600450499 /* LaunchScreen.storyboard */ = {
			isa = PBXVariantGroup;
			children = (
				AC02846A2477408600450499 /* Base */,
			);
			name = LaunchScreen.storyboard;
			sourceTree = "<group>";
		};
/* End PBXVariantGroup section */

/* Begin XCBuildConfiguration section */
		AC02846D2477408600450499 /* Debug */ = {
			isa = XCBuildConfiguration;
			buildSettings = {
				ALWAYS_SEARCH_USER_PATHS = NO;
				CLANG_ANALYZER_NONNULL = YES;
				CLANG_ANALYZER_NUMBER_OBJECT_CONVERSION = YES_AGGRESSIVE;
				CLANG_CXX_LANGUAGE_STANDARD = "gnu++14";
				CLANG_CXX_LIBRARY = "libc++";
				CLANG_ENABLE_MODULES = YES;
				CLANG_ENABLE_OBJC_ARC = YES;
				CLANG_ENABLE_OBJC_WEAK = YES;
				CLANG_WARN_BLOCK_CAPTURE_AUTORELEASING = YES;
				CLANG_WARN_BOOL_CONVERSION = YES;
				CLANG_WARN_COMMA = YES;
				CLANG_WARN_CONSTANT_CONVERSION = YES;
				CLANG_WARN_DEPRECATED_OBJC_IMPLEMENTATIONS = YES;
				CLANG_WARN_DIRECT_OBJC_ISA_USAGE = YES_ERROR;
				CLANG_WARN_DOCUMENTATION_COMMENTS = YES;
				CLANG_WARN_EMPTY_BODY = YES;
				CLANG_WARN_ENUM_CONVERSION = YES;
				CLANG_WARN_INFINITE_RECURSION = YES;
				CLANG_WARN_INT_CONVERSION = YES;
				CLANG_WARN_NON_LITERAL_NULL_CONVERSION = YES;
				CLANG_WARN_OBJC_IMPLICIT_RETAIN_SELF = YES;
				CLANG_WARN_OBJC_LITERAL_CONVERSION = YES;
				CLANG_WARN_OBJC_ROOT_CLASS = YES_ERROR;
				CLANG_WARN_RANGE_LOOP_ANALYSIS = YES;
				CLANG_WARN_STRICT_PROTOTYPES = YES;
				CLANG_WARN_SUSPICIOUS_MOVE = YES;
				CLANG_WARN_UNGUARDED_AVAILABILITY = YES_AGGRESSIVE;
				CLANG_WARN_UNREACHABLE_CODE = YES;
				CLANG_WARN__DUPLICATE_METHOD_MATCH = YES;
				COPY_PHASE_STRIP = NO;
				DEBUG_INFORMATION_FORMAT = dwarf;
				ENABLE_STRICT_OBJC_MSGSEND = YES;
				ENABLE_TESTABILITY = YES;
				GCC_C_LANGUAGE_STANDARD = gnu11;
				GCC_DYNAMIC_NO_PIC = NO;
				GCC_NO_COMMON_BLOCKS = YES;
				GCC_OPTIMIZATION_LEVEL = 0;
				GCC_PREPROCESSOR_DEFINITIONS = (
					"DEBUG=1",
					"$(inherited)",
				);
				GCC_WARN_64_TO_32_BIT_CONVERSION = YES;
				GCC_WARN_ABOUT_RETURN_TYPE = YES_ERROR;
				GCC_WARN_UNDECLARED_SELECTOR = YES;
				GCC_WARN_UNINITIALIZED_AUTOS = YES_AGGRESSIVE;
				GCC_WARN_UNUSED_FUNCTION = YES;
				GCC_WARN_UNUSED_VARIABLE = YES;
				IPHONEOS_DEPLOYMENT_TARGET = 13.2;
				MTL_ENABLE_DEBUG_INFO = INCLUDE_SOURCE;
				MTL_FAST_MATH = YES;
				ONLY_ACTIVE_ARCH = YES;
				SDKROOT = iphoneos;
				SWIFT_ACTIVE_COMPILATION_CONDITIONS = DEBUG;
				SWIFT_OPTIMIZATION_LEVEL = "-Onone";
			};
			name = Debug;
		};
		AC02846E2477408600450499 /* Release */ = {
			isa = XCBuildConfiguration;
			buildSettings = {
				ALWAYS_SEARCH_USER_PATHS = NO;
				CLANG_ANALYZER_NONNULL = YES;
				CLANG_ANALYZER_NUMBER_OBJECT_CONVERSION = YES_AGGRESSIVE;
				CLANG_CXX_LANGUAGE_STANDARD = "gnu++14";
				CLANG_CXX_LIBRARY = "libc++";
				CLANG_ENABLE_MODULES = YES;
				CLANG_ENABLE_OBJC_ARC = YES;
				CLANG_ENABLE_OBJC_WEAK = YES;
				CLANG_WARN_BLOCK_CAPTURE_AUTORELEASING = YES;
				CLANG_WARN_BOOL_CONVERSION = YES;
				CLANG_WARN_COMMA = YES;
				CLANG_WARN_CONSTANT_CONVERSION = YES;
				CLANG_WARN_DEPRECATED_OBJC_IMPLEMENTATIONS = YES;
				CLANG_WARN_DIRECT_OBJC_ISA_USAGE = YES_ERROR;
				CLANG_WARN_DOCUMENTATION_COMMENTS = YES;
				CLANG_WARN_EMPTY_BODY = YES;
				CLANG_WARN_ENUM_CONVERSION = YES;
				CLANG_WARN_INFINITE_RECURSION = YES;
				CLANG_WARN_INT_CONVERSION = YES;
				CLANG_WARN_NON_LITERAL_NULL_CONVERSION = YES;
				CLANG_WARN_OBJC_IMPLICIT_RETAIN_SELF = YES;
				CLANG_WARN_OBJC_LITERAL_CONVERSION = YES;
				CLANG_WARN_OBJC_ROOT_CLASS = YES_ERROR;
				CLANG_WARN_RANGE_LOOP_ANALYSIS = YES;
				CLANG_WARN_STRICT_PROTOTYPES = YES;
				CLANG_WARN_SUSPICIOUS_MOVE = YES;
				CLANG_WARN_UNGUARDED_AVAILABILITY = YES_AGGRESSIVE;
				CLANG_WARN_UNREACHABLE_CODE = YES;
				CLANG_WARN__DUPLICATE_METHOD_MATCH = YES;
				COPY_PHASE_STRIP = NO;
				DEBUG_INFORMATION_FORMAT = "dwarf-with-dsym";
				ENABLE_NS_ASSERTIONS = NO;
				ENABLE_STRICT_OBJC_MSGSEND = YES;
				GCC_C_LANGUAGE_STANDARD = gnu11;
				GCC_NO_COMMON_BLOCKS = YES;
				GCC_WARN_64_TO_32_BIT_CONVERSION = YES;
				GCC_WARN_ABOUT_RETURN_TYPE = YES_ERROR;
				GCC_WARN_UNDECLARED_SELECTOR = YES;
				GCC_WARN_UNINITIALIZED_AUTOS = YES_AGGRESSIVE;
				GCC_WARN_UNUSED_FUNCTION = YES;
				GCC_WARN_UNUSED_VARIABLE = YES;
				IPHONEOS_DEPLOYMENT_TARGET = 13.2;
				MTL_ENABLE_DEBUG_INFO = NO;
				MTL_FAST_MATH = YES;
				SDKROOT = iphoneos;
				SWIFT_COMPILATION_MODE = wholemodule;
				SWIFT_OPTIMIZATION_LEVEL = "-O";
				VALIDATE_PRODUCT = YES;
			};
			name = Release;
		};
		AC0284702477408600450499 /* Debug */ = {
			isa = XCBuildConfiguration;
			baseConfigurationReference = 15962284A933A234DFE1A4A5 /* Pods-EpiTracker.debug.xcconfig */;
			buildSettings = {
				ASSETCATALOG_COMPILER_APPICON_NAME = AppIcon;
				CODE_SIGN_STYLE = Automatic;
				DEVELOPMENT_TEAM = 2DC3L9V65W;
				INFOPLIST_FILE = EpiTracker/Info.plist;
				LD_RUNPATH_SEARCH_PATHS = (
					"$(inherited)",
					"@executable_path/Frameworks",
				);
				PRODUCT_BUNDLE_IDENTIFIER = io.github.aevdokimoff.EpiTracker;
				PRODUCT_NAME = "$(TARGET_NAME)";
				SWIFT_VERSION = 5.0;
				TARGETED_DEVICE_FAMILY = "1,2";
			};
			name = Debug;
		};
		AC0284712477408600450499 /* Release */ = {
			isa = XCBuildConfiguration;
			baseConfigurationReference = FC9B939EB1DE57A9E4BA15D7 /* Pods-EpiTracker.release.xcconfig */;
			buildSettings = {
				ASSETCATALOG_COMPILER_APPICON_NAME = AppIcon;
				CODE_SIGN_STYLE = Automatic;
				DEVELOPMENT_TEAM = 2DC3L9V65W;
				INFOPLIST_FILE = EpiTracker/Info.plist;
				LD_RUNPATH_SEARCH_PATHS = (
					"$(inherited)",
					"@executable_path/Frameworks",
				);
				PRODUCT_BUNDLE_IDENTIFIER = io.github.aevdokimoff.EpiTracker;
				PRODUCT_NAME = "$(TARGET_NAME)";
				SWIFT_VERSION = 5.0;
				TARGETED_DEVICE_FAMILY = "1,2";
			};
			name = Release;
		};
/* End XCBuildConfiguration section */

/* Begin XCConfigurationList section */
		AC0284562477408500450499 /* Build configuration list for PBXProject "EpiTracker" */ = {
			isa = XCConfigurationList;
			buildConfigurations = (
				AC02846D2477408600450499 /* Debug */,
				AC02846E2477408600450499 /* Release */,
			);
			defaultConfigurationIsVisible = 0;
			defaultConfigurationName = Release;
		};
		AC02846F2477408600450499 /* Build configuration list for PBXNativeTarget "EpiTracker" */ = {
			isa = XCConfigurationList;
			buildConfigurations = (
				AC0284702477408600450499 /* Debug */,
				AC0284712477408600450499 /* Release */,
			);
			defaultConfigurationIsVisible = 0;
			defaultConfigurationName = Release;
		};
/* End XCConfigurationList section */
	};
	rootObject = AC0284532477408500450499 /* Project object */;
}
