// !$*UTF8*$!
{
	archiveVersion = 1;
	classes = {
	};
	objectVersion = 51;
	objects = {

/* Begin PBXBuildFile section */
		A3B412E5A79D98D35CD66970 /* Pods_EpiTracker.framework in Frameworks */ = {isa = PBXBuildFile; fileRef = 0879B7196FD44F214702870A /* Pods_EpiTracker.framework */; };
		AC02845F2477408500450499 /* AppDelegate.swift in Sources */ = {isa = PBXBuildFile; fileRef = AC02845E2477408500450499 /* AppDelegate.swift */; };
		AC0284612477408500450499 /* SceneDelegate.swift in Sources */ = {isa = PBXBuildFile; fileRef = AC0284602477408500450499 /* SceneDelegate.swift */; };
		AC0284632477408500450499 /* ViewController.swift in Sources */ = {isa = PBXBuildFile; fileRef = AC0284622477408500450499 /* ViewController.swift */; };
		AC0284662477408500450499 /* Main.storyboard in Resources */ = {isa = PBXBuildFile; fileRef = AC0284642477408500450499 /* Main.storyboard */; };
		AC0284682477408600450499 /* Assets.xcassets in Resources */ = {isa = PBXBuildFile; fileRef = AC0284672477408600450499 /* Assets.xcassets */; };
		AC02846B2477408600450499 /* LaunchScreen.storyboard in Resources */ = {isa = PBXBuildFile; fileRef = AC0284692477408600450499 /* LaunchScreen.storyboard */; };
		AC028480247746C300450499 /* data.plist in Resources */ = {isa = PBXBuildFile; fileRef = AC02847F247746C300450499 /* data.plist */; };
		AC15B7CA2479ED1D00CC21AE /* CommonExtensions.swift in Sources */ = {isa = PBXBuildFile; fileRef = AC15B7C92479ED1C00CC21AE /* CommonExtensions.swift */; };
		AC4809352479CFCD00211B75 /* CustomPicker.swift in Sources */ = {isa = PBXBuildFile; fileRef = AC4809342479CFCD00211B75 /* CustomPicker.swift */; };
/* End PBXBuildFile section */

/* Begin PBXFileReference section */
		0879B7196FD44F214702870A /* Pods_EpiTracker.framework */ = {isa = PBXFileReference; explicitFileType = wrapper.framework; includeInIndex = 0; path = Pods_EpiTracker.framework; sourceTree = BUILT_PRODUCTS_DIR; };
		15962284A933A234DFE1A4A5 /* Pods-EpiTracker.debug.xcconfig */ = {isa = PBXFileReference; includeInIndex = 1; lastKnownFileType = text.xcconfig; name = "Pods-EpiTracker.debug.xcconfig"; path = "Target Support Files/Pods-EpiTracker/Pods-EpiTracker.debug.xcconfig"; sourceTree = "<group>"; };
		AC02845B2477408500450499 /* EpiTracker.app */ = {isa = PBXFileReference; explicitFileType = wrapper.application; includeInIndex = 0; path = EpiTracker.app; sourceTree = BUILT_PRODUCTS_DIR; };
		AC02845E2477408500450499 /* AppDelegate.swift */ = {isa = PBXFileReference; lastKnownFileType = sourcecode.swift; path = AppDelegate.swift; sourceTree = "<group>"; };
		AC0284602477408500450499 /* SceneDelegate.swift */ = {isa = PBXFileReference; lastKnownFileType = sourcecode.swift; path = SceneDelegate.swift; sourceTree = "<group>"; };
		AC0284622477408500450499 /* ViewController.swift */ = {isa = PBXFileReference; lastKnownFileType = sourcecode.swift; path = ViewController.swift; sourceTree = "<group>"; };
		AC0284652477408500450499 /* Base */ = {isa = PBXFileReference; lastKnownFileType = file.storyboard; name = Base; path = Base.lproj/Main.storyboard; sourceTree = "<group>"; };
		AC0284672477408600450499 /* Assets.xcassets */ = {isa = PBXFileReference; lastKnownFileType = folder.assetcatalog; path = Assets.xcassets; sourceTree = "<group>"; };
		AC02846A2477408600450499 /* Base */ = {isa = PBXFileReference; lastKnownFileType = file.storyboard; name = Base; path = Base.lproj/LaunchScreen.storyboard; sourceTree = "<group>"; };
		AC02846C2477408600450499 /* Info.plist */ = {isa = PBXFileReference; lastKnownFileType = text.plist.xml; path = Info.plist; sourceTree = "<group>"; };
		AC02847F247746C300450499 /* data.plist */ = {isa = PBXFileReference; fileEncoding = 4; lastKnownFileType = text.plist.xml; path = data.plist; sourceTree = "<group>"; };
		AC15B7C92479ED1C00CC21AE /* CommonExtensions.swift */ = {isa = PBXFileReference; lastKnownFileType = sourcecode.swift; path = CommonExtensions.swift; sourceTree = "<group>"; };
		AC4809342479CFCD00211B75 /* CustomPicker.swift */ = {isa = PBXFileReference; lastKnownFileType = sourcecode.swift; path = CustomPicker.swift; sourceTree = "<group>"; };
		FC9B939EB1DE57A9E4BA15D7 /* Pods-EpiTracker.release.xcconfig */ = {isa = PBXFileReference; includeInIndex = 1; lastKnownFileType = text.xcconfig; name = "Pods-EpiTracker.release.xcconfig"; path = "Target Support Files/Pods-EpiTracker/Pods-EpiTracker.release.xcconfig"; sourceTree = "<group>"; };
/* End PBXFileReference section */

/* Begin PBXFrameworksBuildPhase section */
		AC0284582477408500450499 /* Frameworks */ = {
			isa = PBXFrameworksBuildPhase;
			buildActionMask = 2147483647;
			files = (
				A3B412E5A79D98D35CD66970 /* Pods_EpiTracker.framework in Frameworks */,
			);
			runOnlyForDeploymentPostprocessing = 0;
		};
/* End PBXFrameworksBuildPhase section */

/* Begin PBXGroup section */
		57E51E06826C36CA9EE93913 /* Pods */ = {
			isa = PBXGroup;
			children = (
				15962284A933A234DFE1A4A5 /* Pods-EpiTracker.debug.xcconfig */,
				FC9B939EB1DE57A9E4BA15D7 /* Pods-EpiTracker.release.xcconfig */,
			);
			path = Pods;
			sourceTree = "<group>";
		};
		AC0284522477408500450499 = {
			isa = PBXGroup;
			children = (
				AC02845D2477408500450499 /* EpiTracker */,
				AC02845C2477408500450499 /* Products */,
				57E51E06826C36CA9EE93913 /* Pods */,
				EEBE86D5B9395B7FE07E255B /* Frameworks */,
			);
			sourceTree = "<group>";
		};
		AC02845C2477408500450499 /* Products */ = {
			isa = PBXGroup;
			children = (
				AC02845B2477408500450499 /* EpiTracker.app */,
			);
			name = Products;
			sourceTree = "<group>";
		};
		AC02845D2477408500450499 /* EpiTracker */ = {
			isa = PBXGroup;
			children = (
				AC02845E2477408500450499 /* AppDelegate.swift */,
				AC0284602477408500450499 /* SceneDelegate.swift */,
				AC0284622477408500450499 /* ViewController.swift */,
				AC4809342479CFCD00211B75 /* CustomPicker.swift */,
				AC15B7C92479ED1C00CC21AE /* CommonExtensions.swift */,
				AC0284642477408500450499 /* Main.storyboard */,
				AC0284672477408600450499 /* Assets.xcassets */,
				AC0284692477408600450499 /* LaunchScreen.storyboard */,
				AC02847F247746C300450499 /* data.plist */,
				AC02846C2477408600450499 /* Info.plist */,
			);
			path = EpiTracker;
			sourceTree = "<group>";
		};
		EEBE86D5B9395B7FE07E255B /* Frameworks */ = {
			isa = PBXGroup;
			children = (
				0879B7196FD44F214702870A /* Pods_EpiTracker.framework */,
			);
			name = Frameworks;
			sourceTree = "<group>";
		};
/* End PBXGroup section */

/* Begin PBXNativeTarget section */
		AC02845A2477408500450499 /* EpiTracker */ = {
			isa = PBXNativeTarget;
			buildConfigurationList = AC02846F2477408600450499 /* Build configuration list for PBXNativeTarget "EpiTracker" */;
			buildPhases = (
				28541885100609925AF566FC /* [CP] Check Pods Manifest.lock */,
				AC0284572477408500450499 /* Sources */,
				AC0284582477408500450499 /* Frameworks */,
				AC0284592477408500450499 /* Resources */,
				E67916C065C4661212424F98 /* [CP] Embed Pods Frameworks */,
			);
			buildRules = (
			);
			dependencies = (
			);
			name = EpiTracker;
			productName = EpiTracker;
			productReference = AC02845B2477408500450499 /* EpiTracker.app */;
			productType = "com.apple.product-type.application";
		};
/* End PBXNativeTarget section */

/* Begin PBXProject section */
		AC0284532477408500450499 /* Project object */ = {
			isa = PBXProject;
			attributes = {
				LastSwiftUpdateCheck = 1130;
				LastUpgradeCheck = 1130;
				ORGANIZATIONNAME = Artem;
				TargetAttributes = {
					AC02845A2477408500450499 = {
						CreatedOnToolsVersion = 11.3.1;
					};
				};
			};
			buildConfigurationList = AC0284562477408500450499 /* Build configuration list for PBXProject "EpiTracker" */;
			compatibilityVersion = "Xcode 9.3";
			developmentRegion = en;
			hasScannedForEncodings = 0;
			knownRegions = (
				en,
				Base,
			);
			mainGroup = AC0284522477408500450499;
			productRefGroup = AC02845C2477408500450499 /* Products */;
			projectDirPath = "";
			projectRoot = "";
			targets = (
				AC02845A2477408500450499 /* EpiTracker */,
			);
		};
/* End PBXProject section */

/* Begin PBXResourcesBuildPhase section */
		AC0284592477408500450499 /* Resources */ = {
			isa = PBXResourcesBuildPhase;
			buildActionMask = 2147483647;
			files = (
				AC028480247746C300450499 /* data.plist in Resources */,
				AC02846B2477408600450499 /* LaunchScreen.storyboard in Resources */,
				AC0284682477408600450499 /* Assets.xcassets in Resources */,
				AC0284662477408500450499 /* Main.storyboard in Resources */,
			);
			runOnlyForDeploymentPostprocessing = 0;
		};
/* End PBXResourcesBuildPhase section */

/* Begin PBXShellScriptBuildPhase section */
		28541885100609925AF566FC /* [CP] Check Pods Manifest.lock */ = {
			isa = PBXShellScriptBuildPhase;
			buildActionMask = 2147483647;
			files = (
			);
			inputFileListPaths = (
			);
			inputPaths = (
				"${PODS_PODFILE_DIR_PATH}/Podfile.lock",
				"${PODS_ROOT}/Manifest.lock",
			);
			name = "[CP] Check Pods Manifest.lock";
			outputFileListPaths = (
			);
			outputPaths = (
				"$(DERIVED_FILE_DIR)/Pods-EpiTracker-checkManifestLockResult.txt",
			);
			runOnlyForDeploymentPostprocessing = 0;
			shellPath = /bin/sh;
			shellScript = "diff \"${PODS_PODFILE_DIR_PATH}/Podfile.lock\" \"${PODS_ROOT}/Manifest.lock\" > /dev/null\nif [ $? != 0 ] ; then\n    # print error to STDERR\n    echo \"error: The sandbox is not in sync with the Podfile.lock. Run 'pod install' or update your CocoaPods installation.\" >&2\n    exit 1\nfi\n# This output is used by Xcode 'outputs' to avoid re-running this script phase.\necho \"SUCCESS\" > \"${SCRIPT_OUTPUT_FILE_0}\"\n";
			showEnvVarsInLog = 0;
		};
		E67916C065C4661212424F98 /* [CP] Embed Pods Frameworks */ = {
			isa = PBXShellScriptBuildPhase;
			buildActionMask = 2147483647;
			files = (
			);
			inputFileListPaths = (
				"${PODS_ROOT}/Target Support Files/Pods-EpiTracker/Pods-EpiTracker-frameworks-${CONFIGURATION}-input-files.xcfilelist",
			);
			name = "[CP] Embed Pods Frameworks";
			outputFileListPaths = (
				"${PODS_ROOT}/Target Support Files/Pods-EpiTracker/Pods-EpiTracker-frameworks-${CONFIGURATION}-output-files.xcfilelist",
			);
			runOnlyForDeploymentPostprocessing = 0;
			shellPath = /bin/sh;
			shellScript = "\"${PODS_ROOT}/Target Support Files/Pods-EpiTracker/Pods-EpiTracker-frameworks.sh\"\n";
			showEnvVarsInLog = 0;
		};
/* End PBXShellScriptBuildPhase section */

/* Begin PBXSourcesBuildPhase section */
		AC0284572477408500450499 /* Sources */ = {
			isa = PBXSourcesBuildPhase;
			buildActionMask = 2147483647;
			files = (
				AC15B7CA2479ED1D00CC21AE /* CommonExtensions.swift in Sources */,
				AC0284632477408500450499 /* ViewController.swift in Sources */,
				AC02845F2477408500450499 /* AppDelegate.swift in Sources */,
				AC4809352479CFCD00211B75 /* CustomPicker.swift in Sources */,
				AC0284612477408500450499 /* SceneDelegate.swift in Sources */,
			);
			runOnlyForDeploymentPostprocessing = 0;
		};
/* End PBXSourcesBuildPhase section */

/* Begin PBXVariantGroup section */
		AC0284642477408500450499 /* Main.storyboard */ = {
			isa = PBXVariantGroup;
			children = (
				AC0284652477408500450499 /* Base */,
			);
			name = Main.storyboard;
			sourceTree = "<group>";
		};
		AC0284692477408600450499 /* LaunchScreen.storyboard */ = {
			isa = PBXVariantGroup;
			children = (
				AC02846A2477408600450499 /* Base */,
			);
			name = LaunchScreen.storyboard;
			sourceTree = "<group>";
		};
/* End PBXVariantGroup section */

/* Begin XCBuildConfiguration section */
		AC02846D2477408600450499 /* Debug */ = {
			isa = XCBuildConfiguration;
			buildSettings = {
				ALWAYS_SEARCH_USER_PATHS = NO;
				CLANG_ANALYZER_NONNULL = YES;
				CLANG_ANALYZER_NUMBER_OBJECT_CONVERSION = YES_AGGRESSIVE;
				CLANG_CXX_LANGUAGE_STANDARD = "gnu++14";
				CLANG_CXX_LIBRARY = "libc++";
				CLANG_ENABLE_MODULES = YES;
				CLANG_ENABLE_OBJC_ARC = YES;
				CLANG_ENABLE_OBJC_WEAK = YES;
				CLANG_WARN_BLOCK_CAPTURE_AUTORELEASING = YES;
				CLANG_WARN_BOOL_CONVERSION = YES;
				CLANG_WARN_COMMA = YES;
				CLANG_WARN_CONSTANT_CONVERSION = YES;
				CLANG_WARN_DEPRECATED_OBJC_IMPLEMENTATIONS = YES;
				CLANG_WARN_DIRECT_OBJC_ISA_USAGE = YES_ERROR;
				CLANG_WARN_DOCUMENTATION_COMMENTS = YES;
				CLANG_WARN_EMPTY_BODY = YES;
				CLANG_WARN_ENUM_CONVERSION = YES;
				CLANG_WARN_INFINITE_RECURSION = YES;
				CLANG_WARN_INT_CONVERSION = YES;
				CLANG_WARN_NON_LITERAL_NULL_CONVERSION = YES;
				CLANG_WARN_OBJC_IMPLICIT_RETAIN_SELF = YES;
				CLANG_WARN_OBJC_LITERAL_CONVERSION = YES;
				CLANG_WARN_OBJC_ROOT_CLASS = YES_ERROR;
				CLANG_WARN_RANGE_LOOP_ANALYSIS = YES;
				CLANG_WARN_STRICT_PROTOTYPES = YES;
				CLANG_WARN_SUSPICIOUS_MOVE = YES;
				CLANG_WARN_UNGUARDED_AVAILABILITY = YES_AGGRESSIVE;
				CLANG_WARN_UNREACHABLE_CODE = YES;
				CLANG_WARN__DUPLICATE_METHOD_MATCH = YES;
				COPY_PHASE_STRIP = NO;
				DEBUG_INFORMATION_FORMAT = dwarf;
				ENABLE_STRICT_OBJC_MSGSEND = YES;
				ENABLE_TESTABILITY = YES;
				GCC_C_LANGUAGE_STANDARD = gnu11;
				GCC_DYNAMIC_NO_PIC = NO;
				GCC_NO_COMMON_BLOCKS = YES;
				GCC_OPTIMIZATION_LEVEL = 0;
				GCC_PREPROCESSOR_DEFINITIONS = (
					"DEBUG=1",
					"$(inherited)",
				);
				GCC_WARN_64_TO_32_BIT_CONVERSION = YES;
				GCC_WARN_ABOUT_RETURN_TYPE = YES_ERROR;
				GCC_WARN_UNDECLARED_SELECTOR = YES;
				GCC_WARN_UNINITIALIZED_AUTOS = YES_AGGRESSIVE;
				GCC_WARN_UNUSED_FUNCTION = YES;
				GCC_WARN_UNUSED_VARIABLE = YES;
				IPHONEOS_DEPLOYMENT_TARGET = 13.2;
				MTL_ENABLE_DEBUG_INFO = INCLUDE_SOURCE;
				MTL_FAST_MATH = YES;
				ONLY_ACTIVE_ARCH = YES;
				SDKROOT = iphoneos;
				SWIFT_ACTIVE_COMPILATION_CONDITIONS = DEBUG;
				SWIFT_OPTIMIZATION_LEVEL = "-Onone";
			};
			name = Debug;
		};
		AC02846E2477408600450499 /* Release */ = {
			isa = XCBuildConfiguration;
			buildSettings = {
				ALWAYS_SEARCH_USER_PATHS = NO;
				CLANG_ANALYZER_NONNULL = YES;
				CLANG_ANALYZER_NUMBER_OBJECT_CONVERSION = YES_AGGRESSIVE;
				CLANG_CXX_LANGUAGE_STANDARD = "gnu++14";
				CLANG_CXX_LIBRARY = "libc++";
				CLANG_ENABLE_MODULES = YES;
				CLANG_ENABLE_OBJC_ARC = YES;
				CLANG_ENABLE_OBJC_WEAK = YES;
				CLANG_WARN_BLOCK_CAPTURE_AUTORELEASING = YES;
				CLANG_WARN_BOOL_CONVERSION = YES;
				CLANG_WARN_COMMA = YES;
				CLANG_WARN_CONSTANT_CONVERSION = YES;
				CLANG_WARN_DEPRECATED_OBJC_IMPLEMENTATIONS = YES;
				CLANG_WARN_DIRECT_OBJC_ISA_USAGE = YES_ERROR;
				CLANG_WARN_DOCUMENTATION_COMMENTS = YES;
				CLANG_WARN_EMPTY_BODY = YES;
				CLANG_WARN_ENUM_CONVERSION = YES;
				CLANG_WARN_INFINITE_RECURSION = YES;
				CLANG_WARN_INT_CONVERSION = YES;
				CLANG_WARN_NON_LITERAL_NULL_CONVERSION = YES;
				CLANG_WARN_OBJC_IMPLICIT_RETAIN_SELF = YES;
				CLANG_WARN_OBJC_LITERAL_CONVERSION = YES;
				CLANG_WARN_OBJC_ROOT_CLASS = YES_ERROR;
				CLANG_WARN_RANGE_LOOP_ANALYSIS = YES;
				CLANG_WARN_STRICT_PROTOTYPES = YES;
				CLANG_WARN_SUSPICIOUS_MOVE = YES;
				CLANG_WARN_UNGUARDED_AVAILABILITY = YES_AGGRESSIVE;
				CLANG_WARN_UNREACHABLE_CODE = YES;
				CLANG_WARN__DUPLICATE_METHOD_MATCH = YES;
				COPY_PHASE_STRIP = NO;
				DEBUG_INFORMATION_FORMAT = "dwarf-with-dsym";
				ENABLE_NS_ASSERTIONS = NO;
				ENABLE_STRICT_OBJC_MSGSEND = YES;
				GCC_C_LANGUAGE_STANDARD = gnu11;
				GCC_NO_COMMON_BLOCKS = YES;
				GCC_WARN_64_TO_32_BIT_CONVERSION = YES;
				GCC_WARN_ABOUT_RETURN_TYPE = YES_ERROR;
				GCC_WARN_UNDECLARED_SELECTOR = YES;
				GCC_WARN_UNINITIALIZED_AUTOS = YES_AGGRESSIVE;
				GCC_WARN_UNUSED_FUNCTION = YES;
				GCC_WARN_UNUSED_VARIABLE = YES;
				IPHONEOS_DEPLOYMENT_TARGET = 13.2;
				MTL_ENABLE_DEBUG_INFO = NO;
				MTL_FAST_MATH = YES;
				SDKROOT = iphoneos;
				SWIFT_COMPILATION_MODE = wholemodule;
				SWIFT_OPTIMIZATION_LEVEL = "-O";
				VALIDATE_PRODUCT = YES;
			};
			name = Release;
		};
		AC0284702477408600450499 /* Debug */ = {
			isa = XCBuildConfiguration;
			baseConfigurationReference = 15962284A933A234DFE1A4A5 /* Pods-EpiTracker.debug.xcconfig */;
			buildSettings = {
				ASSETCATALOG_COMPILER_APPICON_NAME = AppIcon;
				CODE_SIGN_STYLE = Automatic;
				DEVELOPMENT_TEAM = 2DC3L9V65W;
				INFOPLIST_FILE = EpiTracker/Info.plist;
				LD_RUNPATH_SEARCH_PATHS = (
					"$(inherited)",
					"@executable_path/Frameworks",
				);
				PRODUCT_BUNDLE_IDENTIFIER = io.github.aevdokimoff.EpiTracker;
				PRODUCT_NAME = "$(TARGET_NAME)";
				SWIFT_VERSION = 5.0;
				TARGETED_DEVICE_FAMILY = "1,2";
			};
			name = Debug;
		};
		AC0284712477408600450499 /* Release */ = {
			isa = XCBuildConfiguration;
			baseConfigurationReference = FC9B939EB1DE57A9E4BA15D7 /* Pods-EpiTracker.release.xcconfig */;
			buildSettings = {
				ASSETCATALOG_COMPILER_APPICON_NAME = AppIcon;
				CODE_SIGN_STYLE = Automatic;
				DEVELOPMENT_TEAM = 2DC3L9V65W;
				INFOPLIST_FILE = EpiTracker/Info.plist;
				LD_RUNPATH_SEARCH_PATHS = (
					"$(inherited)",
					"@executable_path/Frameworks",
				);
				PRODUCT_BUNDLE_IDENTIFIER = io.github.aevdokimoff.EpiTracker;
				PRODUCT_NAME = "$(TARGET_NAME)";
				SWIFT_VERSION = 5.0;
				TARGETED_DEVICE_FAMILY = "1,2";
			};
			name = Release;
		};
/* End XCBuildConfiguration section */

/* Begin XCConfigurationList section */
		AC0284562477408500450499 /* Build configuration list for PBXProject "EpiTracker" */ = {
			isa = XCConfigurationList;
			buildConfigurations = (
				AC02846D2477408600450499 /* Debug */,
				AC02846E2477408600450499 /* Release */,
			);
			defaultConfigurationIsVisible = 0;
			defaultConfigurationName = Release;
		};
		AC02846F2477408600450499 /* Build configuration list for PBXNativeTarget "EpiTracker" */ = {
			isa = XCConfigurationList;
			buildConfigurations = (
				AC0284702477408600450499 /* Debug */,
				AC0284712477408600450499 /* Release */,
			);
			defaultConfigurationIsVisible = 0;
			defaultConfigurationName = Release;
		};
/* End XCConfigurationList section */
	};
	rootObject = AC0284532477408500450499 /* Project object */;
}
